
Microsoft Visual Studio Solution File, Format Version 12.00
# Visual Studio Version 16
VisualStudioVersion = 16.0.31410.357
MinimumVisualStudioVersion = 10.0.40219.1
Project("{FAE04EC0-301F-11D3-BF4B-00C04F79EFBC}") = "TechTreeMvcWebApplication", "TechTreeMvcWebApplication\TechTreeMvcWebApplication.csproj", "{57C480DB-176C-4A06-BFAF-D6893909C9D0}"
EndProject
Global
	GlobalSection(SolutionConfigurationPlatforms) = preSolution
		Debug|Any CPU = Debug|Any CPU
		Release|Any CPU = Release|Any CPU
	EndGlobalSection
	GlobalSection(ProjectConfigurationPlatforms) = postSolution
		{57C480DB-176C-4A06-BFAF-D6893909C9D0}.Debug|Any CPU.ActiveCfg = Debug|Any CPU
		{57C480DB-176C-4A06-BFAF-D6893909C9D0}.Debug|Any CPU.Build.0 = Debug|Any CPU
		{57C480DB-176C-4A06-BFAF-D6893909C9D0}.Release|Any CPU.ActiveCfg = Release|Any CPU
		{57C480DB-176C-4A06-BFAF-D6893909C9D0}.Release|Any CPU.Build.0 = Release|Any CPU
	EndGlobalSection
	GlobalSection(SolutionProperties) = preSolution
		HideSolutionNode = FALSE
	EndGlobalSection
	GlobalSection(ExtensibilityGlobals) = postSolution
		SolutionGuid = {4CC357F8-CFFC-4F40-B98F-F19D7D967BC8}
	EndGlobalSection
EndGlobal
